
Microsoft Visual Studio Solution File, Format Version 12.00
# Visual Studio Version 16
VisualStudioVersion = 16.0.31321.278
MinimumVisualStudioVersion = 10.0.40219.1
Project("{FAE04EC0-301F-11D3-BF4B-00C04F79EFBC}") = "MyDemo", "MyDemo.csproj", "{D1C4E875-E615-4C8B-8C9A-1F13100BCA02}"
EndProject
Global
	GlobalSection(SolutionConfigurationPlatforms) = preSolution
		Debug|Any CPU = Debug|Any CPU
		Release|Any CPU = Release|Any CPU
	EndGlobalSection
	GlobalSection(ProjectConfigurationPlatforms) = postSolution
		{D1C4E875-E615-4C8B-8C9A-1F13100BCA02}.Debug|Any CPU.ActiveCfg = Debug|Any CPU
		{D1C4E875-E615-4C8B-8C9A-1F13100BCA02}.Debug|Any CPU.Build.0 = Debug|Any CPU
		{D1C4E875-E615-4C8B-8C9A-1F13100BCA02}.Release|Any CPU.ActiveCfg = Release|Any CPU
		{D1C4E875-E615-4C8B-8C9A-1F13100BCA02}.Release|Any CPU.Build.0 = Release|Any CPU
	EndGlobalSection
	GlobalSection(SolutionProperties) = preSolution
		HideSolutionNode = FALSE
	EndGlobalSection
	GlobalSection(ExtensibilityGlobals) = postSolution
		SolutionGuid = {B2EF20CF-0ED6-4E68-BA91-26CF90EF01C4}
	EndGlobalSection
EndGlobal
